
Microsoft Visual Studio Solution File, Format Version 12.00
# Visual Studio Version 17
VisualStudioVersion = 17.14.36930.0 d17.14
MinimumVisualStudioVersion = 10.0.40219.1
Project("{FAE04EC0-301F-11D3-BF4B-00C04F79EFBC}") = "PatternsP42", "PatternsP42\PatternsP42.csproj", "{9EF8EA48-2518-423A-A382-3FEA36C809D0}"
EndProject
Global
	GlobalSection(SolutionConfigurationPlatforms) = preSolution
		Debug|Any CPU = Debug|Any CPU
		Release|Any CPU = Release|Any CPU
	EndGlobalSection
	GlobalSection(ProjectConfigurationPlatforms) = postSolution
		{9EF8EA48-2518-423A-A382-3FEA36C809D0}.Debug|Any CPU.ActiveCfg = Debug|Any CPU
		{9EF8EA48-2518-423A-A382-3FEA36C809D0}.Debug|Any CPU.Build.0 = Debug|Any CPU
		{9EF8EA48-2518-423A-A382-3FEA36C809D0}.Release|Any CPU.ActiveCfg = Release|Any CPU
		{9EF8EA48-2518-423A-A382-3FEA36C809D0}.Release|Any CPU.Build.0 = Release|Any CPU
	EndGlobalSection
	GlobalSection(SolutionProperties) = preSolution
		HideSolutionNode = FALSE
	EndGlobalSection
	GlobalSection(ExtensibilityGlobals) = postSolution
		SolutionGuid = {DB8B3C50-5E4C-4848-B6E8-4E75D86878D0}
	EndGlobalSection
EndGlobal
